lockfileVersion: '9.0'

settings:
  autoInstallPeers: true
  excludeLinksFromLockfile: false

importers:

  .:
    dependencies:
      '@bufbuild/protobuf':
        specifier: ^2.12.0
        version: 2.12.0
      '@connectrpc/connect':
        specifier: ^2.1.0
        version: 2.1.2(@bufbuild/protobuf@2.12.0)
    devDependencies:
      typescript:
        specifier: ^5.3.0
        version: 5.9.3

packages:

  '@bufbuild/protobuf@2.12.0':
    resolution: {integrity: sha512-B/XlCaFIP8LOwzo+bz5uFzATYokcwCKQcghqnlfwSmM5eX/qTkvDBnDPs+gXtX/RyjxJ4DRikECcPJbyALA8FA==}

  '@connectrpc/connect@2.1.2':
    resolution: {integrity: sha512-MXkBijtcX09R10Eb6sFeIetc6w6746eio6xtfuyVOH7oQAacT1X0GzMIQFux6Qy8cq3W/T5qX5Bei8YbFtmRGA==}
    peerDependencies:
      '@bufbuild/protobuf': ^2.7.0

  typescript@5.9.3:
    resolution: {integrity: sha512-jl1vZzPDinLr9eUt3J/t7V6FgNEw9QjvBPdysz9KfQDD41fQrC2Y4vKQdiaUpFT4bXlb1RHhLpp8wtm6M5TgSw==}
    engines: {node: '>=14.17'}
    hasBin: true

snapshots:

  '@bufbuild/protobuf@2.12.0': {}

  '@connectrpc/connect@2.1.2(@bufbuild/protobuf@2.12.0)':
    dependencies:
      '@bufbuild/protobuf': 2.12.0

  typescript@5.9.3: {}
